
Microsoft Visual Studio Solution File, Format Version 12.00
# Visual Studio Version 16
VisualStudioVersion = 16.0.29613.14
MinimumVisualStudioVersion = 10.0.40219.1
Project("{FAE04EC0-301F-11D3-BF4B-00C04F79EFBC}") = "Sharp_Project", "Sharp_Project\Sharp_Project.csproj", "{65B41C46-E480-4E3C-8C50-1B25E19E0AFE}"
EndProject
Project("{FAE04EC0-301F-11D3-BF4B-00C04F79EFBC}") = "Sharp_Project_Tests", "Sharp_Project_Tests\Sharp_Project_Tests.csproj", "{373D8A2A-0578-4607-9E6F-F55D864221C1}"
EndProject
Global
	GlobalSection(SolutionConfigurationPlatforms) = preSolution
		Debug|Any CPU = Debug|Any CPU
		Release|Any CPU = Release|Any CPU
	EndGlobalSection
	GlobalSection(ProjectConfigurationPlatforms) = postSolution
		{65B41C46-E480-4E3C-8C50-1B25E19E0AFE}.Debug|Any CPU.ActiveCfg = Debug|Any CPU
		{65B41C46-E480-4E3C-8C50-1B25E19E0AFE}.Debug|Any CPU.Build.0 = Debug|Any CPU
		{65B41C46-E480-4E3C-8C50-1B25E19E0AFE}.Release|Any CPU.ActiveCfg = Release|Any CPU
		{65B41C46-E480-4E3C-8C50-1B25E19E0AFE}.Release|Any CPU.Build.0 = Release|Any CPU
		{373D8A2A-0578-4607-9E6F-F55D864221C1}.Debug|Any CPU.ActiveCfg = Debug|Any CPU
		{373D8A2A-0578-4607-9E6F-F55D864221C1}.Debug|Any CPU.Build.0 = Debug|Any CPU
		{373D8A2A-0578-4607-9E6F-F55D864221C1}.Release|Any CPU.ActiveCfg = Release|Any CPU
		{373D8A2A-0578-4607-9E6F-F55D864221C1}.Release|Any CPU.Build.0 = Release|Any CPU
	EndGlobalSection
	GlobalSection(SolutionProperties) = preSolution
		HideSolutionNode = FALSE
	EndGlobalSection
	GlobalSection(ExtensibilityGlobals) = postSolution
		SolutionGuid = {EBF5813A-01DC-4E25-8983-0D5B77026214}
	EndGlobalSection
EndGlobal
